
Microsoft Visual Studio Solution File, Format Version 12.00
# Visual Studio 15
VisualStudioVersion = 15.0.27703.2042
MinimumVisualStudioVersion = 10.0.40219.1
Project("{FAE04EC0-301F-11D3-BF4B-00C04F79EFBC}") = "XamarinFirstApp.Android", "XamarinFirstApp\XamarinFirstApp.Android\XamarinFirstApp.Android.csproj", "{C56EA0A2-1D27-42B8-B169-3A682855FBF9}"
EndProject
Project("{FAE04EC0-301F-11D3-BF4B-00C04F79EFBC}") = "XamarinFirstApp.iOS", "XamarinFirstApp\XamarinFirstApp.iOS\XamarinFirstApp.iOS.csproj", "{1F0C0A20-B474-40B6-9799-F9BF779DDE86}"
EndProject
Project("{FAE04EC0-301F-11D3-BF4B-00C04F79EFBC}") = "XamarinFirstApp.UWP", "XamarinFirstApp\XamarinFirstApp.UWP\XamarinFirstApp.UWP.csproj", "{1D83A98E-17E1-4CAA-BF3A-1696F1D42D01}"
EndProject
Project("{FAE04EC0-301F-11D3-BF4B-00C04F79EFBC}") = "XamarinFirstApp", "XamarinFirstApp\XamarinFirstApp\XamarinFirstApp.csproj", "{79BF24CF-665A-454D-BE1E-77B1AB078DEA}"
EndProject
Global
	GlobalSection(SolutionConfigurationPlatforms) = preSolution
		Ad-Hoc|Any CPU = Ad-Hoc|Any CPU
		Ad-Hoc|ARM = Ad-Hoc|ARM
		Ad-Hoc|iPhone = Ad-Hoc|iPhone
		Ad-Hoc|iPhoneSimulator = Ad-Hoc|iPhoneSimulator
		Ad-Hoc|x64 = Ad-Hoc|x64
		Ad-Hoc|x86 = Ad-Hoc|x86
		AppStore|Any CPU = AppStore|Any CPU
		AppStore|ARM = AppStore|ARM
		AppStore|iPhone = AppStore|iPhone
		AppStore|iPhoneSimulator = AppStore|iPhoneSimulator
		AppStore|x64 = AppStore|x64
		AppStore|x86 = AppStore|x86
		Debug|Any CPU = Debug|Any CPU
		Debug|ARM = Debug|ARM
		Debug|iPhone = Debug|iPhone
		Debug|iPhoneSimulator = Debug|iPhoneSimulator
		Debug|x64 = Debug|x64
		Debug|x86 = Debug|x86
		Release|Any CPU = Release|Any CPU
		Release|ARM = Release|ARM
		Release|iPhone = Release|iPhone
		Release|iPhoneSimulator = Release|iPhoneSimulator
		Release|x64 = Release|x64
		Release|x86 = Release|x86
	EndGlobalSection
	GlobalSection(ProjectConfigurationPlatforms) = postSolution
		{C56EA0A2-1D27-42B8-B169-3A682855FBF9}.Ad-Hoc|Any CPU.ActiveCfg = Release|Any CPU
		{C56EA0A2-1D27-42B8-B169-3A682855FBF9}.Ad-Hoc|Any CPU.Build.0 = Release|Any CPU
		{C56EA0A2-1D27-42B8-B169-3A682855FBF9}.Ad-Hoc|Any CPU.Deploy.0 = Release|Any CPU
		{C56EA0A2-1D27-42B8-B169-3A682855FBF9}.Ad-Hoc|ARM.ActiveCfg = Release|Any CPU
		{C56EA0A2-1D27-42B8-B169-3A682855FBF9}.Ad-Hoc|ARM.Build.0 = Release|Any CPU
		{C56EA0A2-1D27-42B8-B169-3A682855FBF9}.Ad-Hoc|ARM.Deploy.0 = Release|Any CPU
		{C56EA0A2-1D27-42B8-B169-3A682855FBF9}.Ad-Hoc|iPhone.ActiveCfg = Release|Any CPU
		{C56EA0A2-1D27-42B8-B169-3A682855FBF9}.Ad-Hoc|iPhone.Build.0 = Release|Any CPU
		{C56EA0A2-1D27-42B8-B169-3A682855FBF9}.Ad-Hoc|iPhone.Deploy.0 = Release|Any CPU
		{C56EA0A2-1D27-42B8-B169-3A682855FBF9}.Ad-Hoc|iPhoneSimulator.ActiveCfg = Release|Any CPU
		{C56EA0A2-1D27-42B8-B169-3A682855FBF9}.Ad-Hoc|iPhoneSimulator.Build.0 = Release|Any CPU
		{C56EA0A2-1D27-42B8-B169-3A682855FBF9}.Ad-Hoc|iPhoneSimulator.Deploy.0 = Release|Any CPU
		{C56EA0A2-1D27-42B8-B169-3A682855FBF9}.Ad-Hoc|x64.ActiveCfg = Release|Any CPU
		{C56EA0A2-1D27-42B8-B169-3A682855FBF9}.Ad-Hoc|x64.Build.0 = Release|Any CPU
		{C56EA0A2-1D27-42B8-B169-3A682855FBF9}.Ad-Hoc|x64.Deploy.0 = Release|Any CPU
		{C56EA0A2-1D27-42B8-B169-3A682855FBF9}.Ad-Hoc|x86.ActiveCfg = Release|Any CPU
		{C56EA0A2-1D27-42B8-B169-3A682855FBF9}.Ad-Hoc|x86.Build.0 = Release|Any CPU
		{C56EA0A2-1D27-42B8-B169-3A682855FBF9}.Ad-Hoc|x86.Deploy.0 = Release|Any CPU
		{C56EA0A2-1D27-42B8-B169-3A682855FBF9}.AppStore|Any CPU.ActiveCfg = Release|Any CPU
		{C56EA0A2-1D27-42B8-B169-3A682855FBF9}.AppStore|Any CPU.Build.0 = Release|Any CPU
		{C56EA0A2-1D27-42B8-B169-3A682855FBF9}.AppStore|Any CPU.Deploy.0 = Release|Any CPU
		{C56EA0A2-1D27-42B8-B169-3A682855FBF9}.AppStore|ARM.ActiveCfg = Release|Any CPU
		{C56EA0A2-1D27-42B8-B169-3A682855FBF9}.AppStore|ARM.Build.0 = Release|Any CPU
		{C56EA0A2-1D27-42B8-B169-3A682855FBF9}.AppStore|ARM.Deploy.0 = Release|Any CPU
		{C56EA0A2-1D27-42B8-B169-3A682855FBF9}.AppStore|iPhone.ActiveCfg = Release|Any CPU
		{C56EA0A2-1D27-42B8-B169-3A682855FBF9}.AppStore|iPhone.Build.0 = Release|Any CPU
		{C56EA0A2-1D27-42B8-B169-3A682855FBF9}.AppStore|iPhone.Deploy.0 = Release|Any CPU
		{C56EA0A2-1D27-42B8-B169-3A682855FBF9}.AppStore|iPhoneSimulator.ActiveCfg = Release|Any CPU
		{C56EA0A2-1D27-42B8-B169-3A682855FBF9}.AppStore|iPhoneSimulator.Build.0 = Release|Any CPU
		{C56EA0A2-1D27-42B8-B169-3A682855FBF9}.AppStore|iPhoneSimulator.Deploy.0 = Release|Any CPU
		{C56EA0A2-1D27-42B8-B169-3A682855FBF9}.AppStore|x64.ActiveCfg = Release|Any CPU
		{C56EA0A2-1D27-42B8-B169-3A682855FBF9}.AppStore|x64.Build.0 = Release|Any CPU
		{C56EA0A2-1D27-42B8-B169-3A682855FBF9}.AppStore|x64.Deploy.0 = Release|Any CPU
		{C56EA0A2-1D27-42B8-B169-3A682855FBF9}.AppStore|x86.ActiveCfg = Release|Any CPU
		{C56EA0A2-1D27-42B8-B169-3A682855FBF9}.AppStore|x86.Build.0 = Release|Any CPU
		{C56EA0A2-1D27-42B8-B169-3A682855FBF9}.AppStore|x86.Deploy.0 = Release|Any CPU
		{C56EA0A2-1D27-42B8-B169-3A682855FBF9}.Debug|Any CPU.ActiveCfg = Debug|Any CPU
		{C56EA0A2-1D27-42B8-B169-3A682855FBF9}.Debug|Any CPU.Build.0 = Debug|Any CPU
		{C56EA0A2-1D27-42B8-B169-3A682855FBF9}.Debug|Any CPU.Deploy.0 = Debug|Any CPU
		{C56EA0A2-1D27-42B8-B169-3A682855FBF9}.Debug|ARM.ActiveCfg = Debug|Any CPU
		{C56EA0A2-1D27-42B8-B169-3A682855FBF9}.Debug|ARM.Build.0 = Debug|Any CPU
		{C56EA0A2-1D27-42B8-B169-3A682855FBF9}.Debug|ARM.Deploy.0 = Debug|Any CPU
		{C56EA0A2-1D27-42B8-B169-3A682855FBF9}.Debug|iPhone.ActiveCfg = Debug|Any CPU
		{C56EA0A2-1D27-42B8-B169-3A682855FBF9}.Debug|iPhone.Build.0 = Debug|Any CPU
		{C56EA0A2-1D27-42B8-B169-3A682855FBF9}.Debug|iPhone.Deploy.0 = Debug|Any CPU
		{C56EA0A2-1D27-42B8-B169-3A682855FBF9}.Debug|iPhoneSimulator.ActiveCfg = Debug|Any CPU
		{C56EA0A2-1D27-42B8-B169-3A682855FBF9}.Debug|iPhoneSimulator.Build.0 = Debug|Any CPU
		{C56EA0A2-1D27-42B8-B169-3A682855FBF9}.Debug|iPhoneSimulator.Deploy.0 = Debug|Any CPU
		{C56EA0A2-1D27-42B8-B169-3A682855FBF9}.Debug|x64.ActiveCfg = Debug|Any CPU
		{C56EA0A2-1D27-42B8-B169-3A682855FBF9}.Debug|x64.Build.0 = Debug|Any CPU
		{C56EA0A2-1D27-42B8-B169-3A682855FBF9}.Debug|x64.Deploy.0 = Debug|Any CPU
		{C56EA0A2-1D27-42B8-B169-3A682855FBF9}.Debug|x86.ActiveCfg = Debug|Any CPU
		{C56EA0A2-1D27-42B8-B169-3A682855FBF9}.Debug|x86.Build.0 = Debug|Any CPU
		{C56EA0A2-1D27-42B8-B169-3A682855FBF9}.Debug|x86.Deploy.0 = Debug|Any CPU
		{C56EA0A2-1D27-42B8-B169-3A682855FBF9}.Release|Any CPU.ActiveCfg = Release|Any CPU
		{C56EA0A2-1D27-42B8-B169-3A682855FBF9}.Release|Any CPU.Build.0 = Release|Any CPU
		{C56EA0A2-1D27-42B8-B169-3A682855FBF9}.Release|Any CPU.Deploy.0 = Release|Any CPU
		{C56EA0A2-1D27-42B8-B169-3A682855FBF9}.Release|ARM.ActiveCfg = Release|Any CPU
		{C56EA0A2-1D27-42B8-B169-3A682855FBF9}.Release|ARM.Build.0 = Release|Any CPU
		{C56EA0A2-1D27-42B8-B169-3A682855FBF9}.Release|ARM.Deploy.0 = Release|Any CPU
		{C56EA0A2-1D27-42B8-B169-3A682855FBF9}.Release|iPhone.ActiveCfg = Release|Any CPU
		{C56EA0A2-1D27-42B8-B169-3A682855FBF9}.Release|iPhone.Build.0 = Release|Any CPU
		{C56EA0A2-1D27-42B8-B169-3A682855FBF9}.Release|iPhone.Deploy.0 = Release|Any CPU
		{C56EA0A2-1D27-42B8-B169-3A682855FBF9}.Release|iPhoneSimulator.ActiveCfg = Release|Any CPU
		{C56EA0A2-1D27-42B8-B169-3A682855FBF9}.Release|iPhoneSimulator.Build.0 = Release|Any CPU
		{C56EA0A2-1D27-42B8-B169-3A682855FBF9}.Release|iPhoneSimulator.Deploy.0 = Release|Any CPU
		{C56EA0A2-1D27-42B8-B169-3A682855FBF9}.Release|x64.ActiveCfg = Release|Any CPU
		{C56EA0A2-1D27-42B8-B169-3A682855FBF9}.Release|x64.Build.0 = Release|Any CPU
		{C56EA0A2-1D27-42B8-B169-3A682855FBF9}.Release|x64.Deploy.0 = Release|Any CPU
		{C56EA0A2-1D27-42B8-B169-3A682855FBF9}.Release|x86.ActiveCfg = Release|Any CPU
		{C56EA0A2-1D27-42B8-B169-3A682855FBF9}.Release|x86.Build.0 = Release|Any CPU
		{C56EA0A2-1D27-42B8-B169-3A682855FBF9}.Release|x86.Deploy.0 = Release|Any CPU
		{1F0C0A20-B474-40B6-9799-F9BF779DDE86}.Ad-Hoc|Any CPU.ActiveCfg = Ad-Hoc|iPhone
		{1F0C0A20-B474-40B6-9799-F9BF779DDE86}.Ad-Hoc|Any CPU.Build.0 = Ad-Hoc|iPhone
		{1F0C0A20-B474-40B6-9799-F9BF779DDE86}.Ad-Hoc|Any CPU.Deploy.0 = Ad-Hoc|iPhone
		{1F0C0A20-B474-40B6-9799-F9BF779DDE86}.Ad-Hoc|ARM.ActiveCfg = Ad-Hoc|iPhone
		{1F0C0A20-B474-40B6-9799-F9BF779DDE86}.Ad-Hoc|ARM.Build.0 = Ad-Hoc|iPhone
		{1F0C0A20-B474-40B6-9799-F9BF779DDE86}.Ad-Hoc|ARM.Deploy.0 = Ad-Hoc|iPhone
		{1F0C0A20-B474-40B6-9799-F9BF779DDE86}.Ad-Hoc|iPhone.ActiveCfg = Ad-Hoc|iPhone
		{1F0C0A20-B474-40B6-9799-F9BF779DDE86}.Ad-Hoc|iPhone.Build.0 = Ad-Hoc|iPhone
		{1F0C0A20-B474-40B6-9799-F9BF779DDE86}.Ad-Hoc|iPhone.Deploy.0 = Ad-Hoc|iPhone
		{1F0C0A20-B474-40B6-9799-F9BF779DDE86}.Ad-Hoc|iPhoneSimulator.ActiveCfg = Ad-Hoc|iPhoneSimulator
		{1F0C0A20-B474-40B6-9799-F9BF779DDE86}.Ad-Hoc|iPhoneSimulator.Build.0 = Ad-Hoc|iPhoneSimulator
		{1F0C0A20-B474-40B6-9799-F9BF779DDE86}.Ad-Hoc|iPhoneSimulator.Deploy.0 = Ad-Hoc|iPhoneSimulator
		{1F0C0A20-B474-40B6-9799-F9BF779DDE86}.Ad-Hoc|x64.ActiveCfg = Ad-Hoc|iPhone
		{1F0C0A20-B474-40B6-9799-F9BF779DDE86}.Ad-Hoc|x64.Build.0 = Ad-Hoc|iPhone
		{1F0C0A20-B474-40B6-9799-F9BF779DDE86}.Ad-Hoc|x64.Deploy.0 = Ad-Hoc|iPhone
		{1F0C0A20-B474-40B6-9799-F9BF779DDE86}.Ad-Hoc|x86.ActiveCfg = Ad-Hoc|iPhone
		{1F0C0A20-B474-40B6-9799-F9BF779DDE86}.Ad-Hoc|x86.Build.0 = Ad-Hoc|iPhone
		{1F0C0A20-B474-40B6-9799-F9BF779DDE86}.Ad-Hoc|x86.Deploy.0 = Ad-Hoc|iPhone
		{1F0C0A20-B474-40B6-9799-F9BF779DDE86}.AppStore|Any CPU.ActiveCfg = AppStore|iPhone
		{1F0C0A20-B474-40B6-9799-F9BF779DDE86}.AppStore|Any CPU.Build.0 = AppStore|iPhone
		{1F0C0A20-B474-40B6-9799-F9BF779DDE86}.AppStore|Any CPU.Deploy.0 = AppStore|iPhone
		{1F0C0A20-B474-40B6-9799-F9BF779DDE86}.AppStore|ARM.ActiveCfg = AppStore|iPhone
		{1F0C0A20-B474-40B6-9799-F9BF779DDE86}.AppStore|ARM.Build.0 = AppStore|iPhone
		{1F0C0A20-B474-40B6-9799-F9BF779DDE86}.AppStore|ARM.Deploy.0 = AppStore|iPhone
		{1F0C0A20-B474-40B6-9799-F9BF779DDE86}.AppStore|iPhone.ActiveCfg = AppStore|iPhone
		{1F0C0A20-B474-40B6-9799-F9BF779DDE86}.AppStore|iPhone.Build.0 = AppStore|iPhone
		{1F0C0A20-B474-40B6-9799-F9BF779DDE86}.AppStore|iPhone.Deploy.0 = AppStore|iPhone
		{1F0C0A20-B474-40B6-9799-F9BF779DDE86}.AppStore|iPhoneSimulator.ActiveCfg = AppStore|iPhoneSimulator
		{1F0C0A20-B474-40B6-9799-F9BF779DDE86}.AppStore|iPhoneSimulator.Build.0 = AppStore|iPhoneSimulator
		{1F0C0A20-B474-40B6-9799-F9BF779DDE86}.AppStore|iPhoneSimulator.Deploy.0 = AppStore|iPhoneSimulator
		{1F0C0A20-B474-40B6-9799-F9BF779DDE86}.AppStore|x64.ActiveCfg = AppStore|iPhone
		{1F0C0A20-B474-40B6-9799-F9BF779DDE86}.AppStore|x64.Build.0 = AppStore|iPhone
		{1F0C0A20-B474-40B6-9799-F9BF779DDE86}.AppStore|x64.Deploy.0 = AppStore|iPhone
		{1F0C0A20-B474-40B6-9799-F9BF779DDE86}.AppStore|x86.ActiveCfg = AppStore|iPhone
		{1F0C0A20-B474-40B6-9799-F9BF779DDE86}.AppStore|x86.Build.0 = AppStore|iPhone
		{1F0C0A20-B474-40B6-9799-F9BF779DDE86}.AppStore|x86.Deploy.0 = AppStore|iPhone
		{1F0C0A20-B474-40B6-9799-F9BF779DDE86}.Debug|Any CPU.ActiveCfg = Debug|iPhoneSimulator
		{1F0C0A20-B474-40B6-9799-F9BF779DDE86}.Debug|Any CPU.Build.0 = Debug|iPhoneSimulator
		{1F0C0A20-B474-40B6-9799-F9BF779DDE86}.Debug|Any CPU.Deploy.0 = Debug|iPhoneSimulator
		{1F0C0A20-B474-40B6-9799-F9BF779DDE86}.Debug|ARM.ActiveCfg = Debug|iPhone
		{1F0C0A20-B474-40B6-9799-F9BF779DDE86}.Debug|ARM.Build.0 = Debug|iPhone
		{1F0C0A20-B474-40B6-9799-F9BF779DDE86}.Debug|ARM.Deploy.0 = Debug|iPhone
		{1F0C0A20-B474-40B6-9799-F9BF779DDE86}.Debug|iPhone.ActiveCfg = Debug|iPhone
		{1F0C0A20-B474-40B6-9799-F9BF779DDE86}.Debug|iPhone.Build.0 = Debug|iPhone
		{1F0C0A20-B474-40B6-9799-F9BF779DDE86}.Debug|iPhone.Deploy.0 = Debug|iPhone
		{1F0C0A20-B474-40B6-9799-F9BF779DDE86}.Debug|iPhoneSimulator.ActiveCfg = Debug|iPhoneSimulator
		{1F0C0A20-B474-40B6-9799-F9BF779DDE86}.Debug|iPhoneSimulator.Build.0 = Debug|iPhoneSimulator
		{1F0C0A20-B474-40B6-9799-F9BF779DDE86}.Debug|iPhoneSimulator.Deploy.0 = Debug|iPhoneSimulator
		{1F0C0A20-B474-40B6-9799-F9BF779DDE86}.Debug|x64.ActiveCfg = Debug|iPhone
		{1F0C0A20-B474-40B6-9799-F9BF779DDE86}.Debug|x64.Build.0 = Debug|iPhone
		{1F0C0A20-B474-40B6-9799-F9BF779DDE86}.Debug|x64.Deploy.0 = Debug|iPhone
		{1F0C0A20-B474-40B6-9799-F9BF779DDE86}.Debug|x86.ActiveCfg = Debug|iPhone
		{1F0C0A20-B474-40B6-9799-F9BF779DDE86}.Debug|x86.Build.0 = Debug|iPhone
		{1F0C0A20-B474-40B6-9799-F9BF779DDE86}.Debug|x86.Deploy.0 = Debug|iPhone
		{1F0C0A20-B474-40B6-9799-F9BF779DDE86}.Release|Any CPU.ActiveCfg = Release|iPhone
		{1F0C0A20-B474-40B6-9799-F9BF779DDE86}.Release|Any CPU.Build.0 = Release|iPhone
		{1F0C0A20-B474-40B6-9799-F9BF779DDE86}.Release|Any CPU.Deploy.0 = Release|iPhone
		{1F0C0A20-B474-40B6-9799-F9BF779DDE86}.Release|ARM.ActiveCfg = Release|iPhone
		{1F0C0A20-B474-40B6-9799-F9BF779DDE86}.Release|ARM.Build.0 = Release|iPhone
		{1F0C0A20-B474-40B6-9799-F9BF779DDE86}.Release|ARM.Deploy.0 = Release|iPhone
		{1F0C0A20-B474-40B6-9799-F9BF779DDE86}.Release|iPhone.ActiveCfg = Release|iPhone
		{1F0C0A20-B474-40B6-9799-F9BF779DDE86}.Release|iPhone.Build.0 = Release|iPhone
		{1F0C0A20-B474-40B6-9799-F9BF779DDE86}.Release|iPhone.Deploy.0 = Release|iPhone
		{1F0C0A20-B474-40B6-9799-F9BF779DDE86}.Release|iPhoneSimulator.ActiveCfg = Release|iPhoneSimulator
		{1F0C0A20-B474-40B6-9799-F9BF779DDE86}.Release|iPhoneSimulator.Build.0 = Release|iPhoneSimulator
		{1F0C0A20-B474-40B6-9799-F9BF779DDE86}.Release|iPhoneSimulator.Deploy.0 = Release|iPhoneSimulator
		{1F0C0A20-B474-40B6-9799-F9BF779DDE86}.Release|x64.ActiveCfg = Release|iPhone
		{1F0C0A20-B474-40B6-9799-F9BF779DDE86}.Release|x64.Build.0 = Release|iPhone
		{1F0C0A20-B474-40B6-9799-F9BF779DDE86}.Release|x64.Deploy.0 = Release|iPhone
		{1F0C0A20-B474-40B6-9799-F9BF779DDE86}.Release|x86.ActiveCfg = Release|iPhone
		{1F0C0A20-B474-40B6-9799-F9BF779DDE86}.Release|x86.Build.0 = Release|iPhone
		{1F0C0A20-B474-40B6-9799-F9BF779DDE86}.Release|x86.Deploy.0 = Release|iPhone
		{1D83A98E-17E1-4CAA-BF3A-1696F1D42D01}.Ad-Hoc|Any CPU.ActiveCfg = Release|x86
		{1D83A98E-17E1-4CAA-BF3A-1696F1D42D01}.Ad-Hoc|Any CPU.Build.0 = Release|x86
		{1D83A98E-17E1-4CAA-BF3A-1696F1D42D01}.Ad-Hoc|Any CPU.Deploy.0 = Release|x86
		{1D83A98E-17E1-4CAA-BF3A-1696F1D42D01}.Ad-Hoc|ARM.ActiveCfg = Release|ARM
		{1D83A98E-17E1-4CAA-BF3A-1696F1D42D01}.Ad-Hoc|ARM.Build.0 = Release|ARM
		{1D83A98E-17E1-4CAA-BF3A-1696F1D42D01}.Ad-Hoc|ARM.Deploy.0 = Release|ARM
		{1D83A98E-17E1-4CAA-BF3A-1696F1D42D01}.Ad-Hoc|iPhone.ActiveCfg = Release|x86
		{1D83A98E-17E1-4CAA-BF3A-1696F1D42D01}.Ad-Hoc|iPhone.Build.0 = Release|x86
		{1D83A98E-17E1-4CAA-BF3A-1696F1D42D01}.Ad-Hoc|iPhone.Deploy.0 = Release|x86
		{1D83A98E-17E1-4CAA-BF3A-1696F1D42D01}.Ad-Hoc|iPhoneSimulator.ActiveCfg = Release|x86
		{1D83A98E-17E1-4CAA-BF3A-1696F1D42D01}.Ad-Hoc|iPhoneSimulator.Build.0 = Release|x86
		{1D83A98E-17E1-4CAA-BF3A-1696F1D42D01}.Ad-Hoc|iPhoneSimulator.Deploy.0 = Release|x86
		{1D83A98E-17E1-4CAA-BF3A-1696F1D42D01}.Ad-Hoc|x64.ActiveCfg = Release|x64
		{1D83A98E-17E1-4CAA-BF3A-1696F1D42D01}.Ad-Hoc|x64.Build.0 = Release|x64
		{1D83A98E-17E1-4CAA-BF3A-1696F1D42D01}.Ad-Hoc|x64.Deploy.0 = Release|x64
		{1D83A98E-17E1-4CAA-BF3A-1696F1D42D01}.Ad-Hoc|x86.ActiveCfg = Release|x86
		{1D83A98E-17E1-4CAA-BF3A-1696F1D42D01}.Ad-Hoc|x86.Build.0 = Release|x86
		{1D83A98E-17E1-4CAA-BF3A-1696F1D42D01}.Ad-Hoc|x86.Deploy.0 = Release|x86
		{1D83A98E-17E1-4CAA-BF3A-1696F1D42D01}.AppStore|Any CPU.ActiveCfg = Release|x86
		{1D83A98E-17E1-4CAA-BF3A-1696F1D42D01}.AppStore|Any CPU.Build.0 = Release|x86
		{1D83A98E-17E1-4CAA-BF3A-1696F1D42D01}.AppStore|Any CPU.Deploy.0 = Release|x86
		{1D83A98E-17E1-4CAA-BF3A-1696F1D42D01}.AppStore|ARM.ActiveCfg = Release|ARM
		{1D83A98E-17E1-4CAA-BF3A-1696F1D42D01}.AppStore|ARM.Build.0 = Release|ARM
		{1D83A98E-17E1-4CAA-BF3A-1696F1D42D01}.AppStore|ARM.Deploy.0 = Release|ARM
		{1D83A98E-17E1-4CAA-BF3A-1696F1D42D01}.AppStore|iPhone.ActiveCfg = Release|x86
		{1D83A98E-17E1-4CAA-BF3A-1696F1D42D01}.AppStore|iPhone.Build.0 = Release|x86
		{1D83A98E-17E1-4CAA-BF3A-1696F1D42D01}.AppStore|iPhone.Deploy.0 = Release|x86
		{1D83A98E-17E1-4CAA-BF3A-1696F1D42D01}.AppStore|iPhoneSimulator.ActiveCfg = Release|x86
		{1D83A98E-17E1-4CAA-BF3A-1696F1D42D01}.AppStore|iPhoneSimulator.Build.0 = Release|x86
		{1D83A98E-17E1-4CAA-BF3A-1696F1D42D01}.AppStore|iPhoneSimulator.Deploy.0 = Release|x86
		{1D83A98E-17E1-4CAA-BF3A-1696F1D42D01}.AppStore|x64.ActiveCfg = Release|x64
		{1D83A98E-17E1-4CAA-BF3A-1696F1D42D01}.AppStore|x64.Build.0 = Release|x64
		{1D83A98E-17E1-4CAA-BF3A-1696F1D42D01}.AppStore|x64.Deploy.0 = Release|x64
		{1D83A98E-17E1-4CAA-BF3A-1696F1D42D01}.AppStore|x86.ActiveCfg = Release|x86
		{1D83A98E-17E1-4CAA-BF3A-1696F1D42D01}.AppStore|x86.Build.0 = Release|x86
		{1D83A98E-17E1-4CAA-BF3A-1696F1D42D01}.AppStore|x86.Deploy.0 = Release|x86
		{1D83A98E-17E1-4CAA-BF3A-1696F1D42D01}.Debug|Any CPU.ActiveCfg = Debug|x86
		{1D83A98E-17E1-4CAA-BF3A-1696F1D42D01}.Debug|Any CPU.Build.0 = Debug|x86
		{1D83A98E-17E1-4CAA-BF3A-1696F1D42D01}.Debug|Any CPU.Deploy.0 = Debug|x86
		{1D83A98E-17E1-4CAA-BF3A-1696F1D42D01}.Debug|ARM.ActiveCfg = Debug|ARM
		{1D83A98E-17E1-4CAA-BF3A-1696F1D42D01}.Debug|ARM.Build.0 = Debug|ARM
		{1D83A98E-17E1-4CAA-BF3A-1696F1D42D01}.Debug|ARM.Deploy.0 = Debug|ARM
		{1D83A98E-17E1-4CAA-BF3A-1696F1D42D01}.Debug|iPhone.ActiveCfg = Debug|x86
		{1D83A98E-17E1-4CAA-BF3A-1696F1D42D01}.Debug|iPhone.Build.0 = Debug|x86
		{1D83A98E-17E1-4CAA-BF3A-1696F1D42D01}.Debug|iPhone.Deploy.0 = Debug|x86
		{1D83A98E-17E1-4CAA-BF3A-1696F1D42D01}.Debug|iPhoneSimulator.ActiveCfg = Debug|x86
		{1D83A98E-17E1-4CAA-BF3A-1696F1D42D01}.Debug|iPhoneSimulator.Build.0 = Debug|x86
		{1D83A98E-17E1-4CAA-BF3A-1696F1D42D01}.Debug|iPhoneSimulator.Deploy.0 = Debug|x86
		{1D83A98E-17E1-4CAA-BF3A-1696F1D42D01}.Debug|x64.ActiveCfg = Debug|x64
		{1D83A98E-17E1-4CAA-BF3A-1696F1D42D01}.Debug|x64.Build.0 = Debug|x64
		{1D83A98E-17E1-4CAA-BF3A-1696F1D42D01}.Debug|x64.Deploy.0 = Debug|x64
		{1D83A98E-17E1-4CAA-BF3A-1696F1D42D01}.Debug|x86.ActiveCfg = Debug|x86
		{1D83A98E-17E1-4CAA-BF3A-1696F1D42D01}.Debug|x86.Build.0 = Debug|x86
		{1D83A98E-17E1-4CAA-BF3A-1696F1D42D01}.Debug|x86.Deploy.0 = Debug|x86
		{1D83A98E-17E1-4CAA-BF3A-1696F1D42D01}.Release|Any CPU.ActiveCfg = Release|x86
		{1D83A98E-17E1-4CAA-BF3A-1696F1D42D01}.Release|Any CPU.Build.0 = Release|x86
		{1D83A98E-17E1-4CAA-BF3A-1696F1D42D01}.Release|Any CPU.Deploy.0 = Release|x86
		{1D83A98E-17E1-4CAA-BF3A-1696F1D42D01}.Release|ARM.ActiveCfg = Release|ARM
		{1D83A98E-17E1-4CAA-BF3A-1696F1D42D01}.Release|ARM.Build.0 = Release|ARM
		{1D83A98E-17E1-4CAA-BF3A-1696F1D42D01}.Release|ARM.Deploy.0 = Release|ARM
		{1D83A98E-17E1-4CAA-BF3A-1696F1D42D01}.Release|iPhone.ActiveCfg = Release|x86
		{1D83A98E-17E1-4CAA-BF3A-1696F1D42D01}.Release|iPhone.Build.0 = Release|x86
		{1D83A98E-17E1-4CAA-BF3A-1696F1D42D01}.Release|iPhone.Deploy.0 = Release|x86
		{1D83A98E-17E1-4CAA-BF3A-1696F1D42D01}.Release|iPhoneSimulator.ActiveCfg = Release|x86
		{1D83A98E-17E1-4CAA-BF3A-1696F1D42D01}.Release|iPhoneSimulator.Build.0 = Release|x86
		{1D83A98E-17E1-4CAA-BF3A-1696F1D42D01}.Release|iPhoneSimulator.Deploy.0 = Release|x86
		{1D83A98E-17E1-4CAA-BF3A-1696F1D42D01}.Release|x64.ActiveCfg = Release|x64
		{1D83A98E-17E1-4CAA-BF3A-1696F1D42D01}.Release|x64.Build.0 = Release|x64
		{1D83A98E-17E1-4CAA-BF3A-1696F1D42D01}.Release|x64.Deploy.0 = Release|x64
		{1D83A98E-17E1-4CAA-BF3A-1696F1D42D01}.Release|x86.ActiveCfg = Release|x86
		{1D83A98E-17E1-4CAA-BF3A-1696F1D42D01}.Release|x86.Build.0 = Release|x86
		{1D83A98E-17E1-4CAA-BF3A-1696F1D42D01}.Release|x86.Deploy.0 = Release|x86
		{79BF24CF-665A-454D-BE1E-77B1AB078DEA}.Ad-Hoc|Any CPU.ActiveCfg = Debug|Any CPU
		{79BF24CF-665A-454D-BE1E-77B1AB078DEA}.Ad-Hoc|Any CPU.Build.0 = Debug|Any CPU
		{79BF24CF-665A-454D-BE1E-77B1AB078DEA}.Ad-Hoc|Any CPU.Deploy.0 = Debug|Any CPU
		{79BF24CF-665A-454D-BE1E-77B1AB078DEA}.Ad-Hoc|ARM.ActiveCfg = Debug|Any CPU
		{79BF24CF-665A-454D-BE1E-77B1AB078DEA}.Ad-Hoc|ARM.Build.0 = Debug|Any CPU
		{79BF24CF-665A-454D-BE1E-77B1AB078DEA}.Ad-Hoc|ARM.Deploy.0 = Debug|Any CPU
		{79BF24CF-665A-454D-BE1E-77B1AB078DEA}.Ad-Hoc|iPhone.ActiveCfg = Debug|Any CPU
		{79BF24CF-665A-454D-BE1E-77B1AB078DEA}.Ad-Hoc|iPhone.Build.0 = Debug|Any CPU
		{79BF24CF-665A-454D-BE1E-77B1AB078DEA}.Ad-Hoc|iPhone.Deploy.0 = Debug|Any CPU
		{79BF24CF-665A-454D-BE1E-77B1AB078DEA}.Ad-Hoc|iPhoneSimulator.ActiveCfg = Debug|Any CPU
		{79BF24CF-665A-454D-BE1E-77B1AB078DEA}.Ad-Hoc|iPhoneSimulator.Build.0 = Debug|Any CPU
		{79BF24CF-665A-454D-BE1E-77B1AB078DEA}.Ad-Hoc|iPhoneSimulator.Deploy.0 = Debug|Any CPU
		{79BF24CF-665A-454D-BE1E-77B1AB078DEA}.Ad-Hoc|x64.ActiveCfg = Debug|Any CPU
		{79BF24CF-665A-454D-BE1E-77B1AB078DEA}.Ad-Hoc|x64.Build.0 = Debug|Any CPU
		{79BF24CF-665A-454D-BE1E-77B1AB078DEA}.Ad-Hoc|x64.Deploy.0 = Debug|Any CPU
		{79BF24CF-665A-454D-BE1E-77B1AB078DEA}.Ad-Hoc|x86.ActiveCfg = Debug|Any CPU
		{79BF24CF-665A-454D-BE1E-77B1AB078DEA}.Ad-Hoc|x86.Build.0 = Debug|Any CPU
		{79BF24CF-665A-454D-BE1E-77B1AB078DEA}.Ad-Hoc|x86.Deploy.0 = Debug|Any CPU
		{79BF24CF-665A-454D-BE1E-77B1AB078DEA}.AppStore|Any CPU.ActiveCfg = Debug|Any CPU
		{79BF24CF-665A-454D-BE1E-77B1AB078DEA}.AppStore|Any CPU.Build.0 = Debug|Any CPU
		{79BF24CF-665A-454D-BE1E-77B1AB078DEA}.AppStore|Any CPU.Deploy.0 = Debug|Any CPU
		{79BF24CF-665A-454D-BE1E-77B1AB078DEA}.AppStore|ARM.ActiveCfg = Debug|Any CPU
		{79BF24CF-665A-454D-BE1E-77B1AB078DEA}.AppStore|ARM.Build.0 = Debug|Any CPU
		{79BF24CF-665A-454D-BE1E-77B1AB078DEA}.AppStore|ARM.Deploy.0 = Debug|Any CPU
		{79BF24CF-665A-454D-BE1E-77B1AB078DEA}.AppStore|iPhone.ActiveCfg = Debug|Any CPU
		{79BF24CF-665A-454D-BE1E-77B1AB078DEA}.AppStore|iPhone.Build.0 = Debug|Any CPU
		{79BF24CF-665A-454D-BE1E-77B1AB078DEA}.AppStore|iPhone.Deploy.0 = Debug|Any CPU
		{79BF24CF-665A-454D-BE1E-77B1AB078DEA}.AppStore|iPhoneSimulator.ActiveCfg = Debug|Any CPU
		{79BF24CF-665A-454D-BE1E-77B1AB078DEA}.AppStore|iPhoneSimulator.Build.0 = Debug|Any CPU
		{79BF24CF-665A-454D-BE1E-77B1AB078DEA}.AppStore|iPhoneSimulator.Deploy.0 = Debug|Any CPU
		{79BF24CF-665A-454D-BE1E-77B1AB078DEA}.AppStore|x64.ActiveCfg = Debug|Any CPU
		{79BF24CF-665A-454D-BE1E-77B1AB078DEA}.AppStore|x64.Build.0 = Debug|Any CPU
		{79BF24CF-665A-454D-BE1E-77B1AB078DEA}.AppStore|x64.Deploy.0 = Debug|Any CPU
		{79BF24CF-665A-454D-BE1E-77B1AB078DEA}.AppStore|x86.ActiveCfg = Debug|Any CPU
		{79BF24CF-665A-454D-BE1E-77B1AB078DEA}.AppStore|x86.Build.0 = Debug|Any CPU
		{79BF24CF-665A-454D-BE1E-77B1AB078DEA}.AppStore|x86.Deploy.0 = Debug|Any CPU
		{79BF24CF-665A-454D-BE1E-77B1AB078DEA}.Debug|Any CPU.ActiveCfg = Debug|Any CPU
		{79BF24CF-665A-454D-BE1E-77B1AB078DEA}.Debug|Any CPU.Build.0 = Debug|Any CPU
		{79BF24CF-665A-454D-BE1E-77B1AB078DEA}.Debug|Any CPU.Deploy.0 = Debug|Any CPU
		{79BF24CF-665A-454D-BE1E-77B1AB078DEA}.Debug|ARM.ActiveCfg = Debug|Any CPU
		{79BF24CF-665A-454D-BE1E-77B1AB078DEA}.Debug|ARM.Build.0 = Debug|Any CPU
		{79BF24CF-665A-454D-BE1E-77B1AB078DEA}.Debug|ARM.Deploy.0 = Debug|Any CPU
		{79BF24CF-665A-454D-BE1E-77B1AB078DEA}.Debug|iPhone.ActiveCfg = Debug|Any CPU
		{79BF24CF-665A-454D-BE1E-77B1AB078DEA}.Debug|iPhone.Build.0 = Debug|Any CPU
		{79BF24CF-665A-454D-BE1E-77B1AB078DEA}.Debug|iPhone.Deploy.0 = Debug|Any CPU
		{79BF24CF-665A-454D-BE1E-77B1AB078DEA}.Debug|iPhoneSimulator.ActiveCfg = Debug|Any CPU
		{79BF24CF-665A-454D-BE1E-77B1AB078DEA}.Debug|iPhoneSimulator.Build.0 = Debug|Any CPU
		{79BF24CF-665A-454D-BE1E-77B1AB078DEA}.Debug|iPhoneSimulator.Deploy.0 = Debug|Any CPU
		{79BF24CF-665A-454D-BE1E-77B1AB078DEA}.Debug|x64.ActiveCfg = Debug|Any CPU
		{79BF24CF-665A-454D-BE1E-77B1AB078DEA}.Debug|x64.Build.0 = Debug|Any CPU
		{79BF24CF-665A-454D-BE1E-77B1AB078DEA}.Debug|x64.Deploy.0 = Debug|Any CPU
		{79BF24CF-665A-454D-BE1E-77B1AB078DEA}.Debug|x86.ActiveCfg = Debug|Any CPU
		{79BF24CF-665A-454D-BE1E-77B1AB078DEA}.Debug|x86.Build.0 = Debug|Any CPU
		{79BF24CF-665A-454D-BE1E-77B1AB078DEA}.Debug|x86.Deploy.0 = Debug|Any CPU
		{79BF24CF-665A-454D-BE1E-77B1AB078DEA}.Release|Any CPU.ActiveCfg = Release|Any CPU
		{79BF24CF-665A-454D-BE1E-77B1AB078DEA}.Release|Any CPU.Build.0 = Release|Any CPU
		{79BF24CF-665A-454D-BE1E-77B1AB078DEA}.Release|Any CPU.Deploy.0 = Release|Any CPU
		{79BF24CF-665A-454D-BE1E-77B1AB078DEA}.Release|ARM.ActiveCfg = Release|Any CPU
		{79BF24CF-665A-454D-BE1E-77B1AB078DEA}.Release|ARM.Build.0 = Release|Any CPU
		{79BF24CF-665A-454D-BE1E-77B1AB078DEA}.Release|ARM.Deploy.0 = Release|Any CPU
		{79BF24CF-665A-454D-BE1E-77B1AB078DEA}.Release|iPhone.ActiveCfg = Release|Any CPU
		{79BF24CF-665A-454D-BE1E-77B1AB078DEA}.Release|iPhone.Build.0 = Release|Any CPU
		{79BF24CF-665A-454D-BE1E-77B1AB078DEA}.Release|iPhone.Deploy.0 = Release|Any CPU
		{79BF24CF-665A-454D-BE1E-77B1AB078DEA}.Release|iPhoneSimulator.ActiveCfg = Release|Any CPU
		{79BF24CF-665A-454D-BE1E-77B1AB078DEA}.Release|iPhoneSimulator.Build.0 = Release|Any CPU
		{79BF24CF-665A-454D-BE1E-77B1AB078DEA}.Release|iPhoneSimulator.Deploy.0 = Release|Any CPU
		{79BF24CF-665A-454D-BE1E-77B1AB078DEA}.Release|x64.ActiveCfg = Release|Any CPU
		{79BF24CF-665A-454D-BE1E-77B1AB078DEA}.Release|x64.Build.0 = Release|Any CPU
		{79BF24CF-665A-454D-BE1E-77B1AB078DEA}.Release|x64.Deploy.0 = Release|Any CPU
		{79BF24CF-665A-454D-BE1E-77B1AB078DEA}.Release|x86.ActiveCfg = Release|Any CPU
		{79BF24CF-665A-454D-BE1E-77B1AB078DEA}.Release|x86.Build.0 = Release|Any CPU
		{79BF24CF-665A-454D-BE1E-77B1AB078DEA}.Release|x86.Deploy.0 = Release|Any CPU
	EndGlobalSection
	GlobalSection(SolutionProperties) = preSolution
		HideSolutionNode = FALSE
	EndGlobalSection
	GlobalSection(ExtensibilityGlobals) = postSolution
		SolutionGuid = {1A490789-468E-445E-94A9-5754BD969E1F}
	EndGlobalSection
EndGlobal
